
Microsoft Visual Studio Solution File, Format Version 12.00
# Visual Studio Version 17
VisualStudioVersion = 17.3.32901.215
MinimumVisualStudioVersion = 10.0.40219.1
Project("{8BC9CEB8-8B4A-11D0-8D11-00A0C91BC942}") = "Task 1.1", "Task 1.1\Task 1.1.vcxproj", "{1C37D491-7172-4648-8993-CCFC2CF433F8}"
EndProject
Project("{8BC9CEB8-8B4A-11D0-8D11-00A0C91BC942}") = "Task 1.2", "Task 1.2\Task 1.2.vcxproj", "{95013D57-A559-439A-A74C-4F2EF8365F36}"
EndProject
Global
	GlobalSection(SolutionConfigurationPlatforms) = preSolution
		Debug|x64 = Debug|x64
		Debug|x86 = Debug|x86
		Release|x64 = Release|x64
		Release|x86 = Release|x86
	EndGlobalSection
	GlobalSection(ProjectConfigurationPlatforms) = postSolution
		{1C37D491-7172-4648-8993-CCFC2CF433F8}.Debug|x64.ActiveCfg = Debug|x64
		{1C37D491-7172-4648-8993-CCFC2CF433F8}.Debug|x64.Build.0 = Debug|x64
		{1C37D491-7172-4648-8993-CCFC2CF433F8}.Debug|x86.ActiveCfg = Debug|Win32
		{1C37D491-7172-4648-8993-CCFC2CF433F8}.Debug|x86.Build.0 = Debug|Win32
		{1C37D491-7172-4648-8993-CCFC2CF433F8}.Release|x64.ActiveCfg = Release|x64
		{1C37D491-7172-4648-8993-CCFC2CF433F8}.Release|x64.Build.0 = Release|x64
		{1C37D491-7172-4648-8993-CCFC2CF433F8}.Release|x86.ActiveCfg = Release|Win32
		{1C37D491-7172-4648-8993-CCFC2CF433F8}.Release|x86.Build.0 = Release|Win32
		{95013D57-A559-439A-A74C-4F2EF8365F36}.Debug|x64.ActiveCfg = Debug|x64
		{95013D57-A559-439A-A74C-4F2EF8365F36}.Debug|x64.Build.0 = Debug|x64
		{95013D57-A559-439A-A74C-4F2EF8365F36}.Debug|x86.ActiveCfg = Debug|Win32
		{95013D57-A559-439A-A74C-4F2EF8365F36}.Debug|x86.Build.0 = Debug|Win32
		{95013D57-A559-439A-A74C-4F2EF8365F36}.Release|x64.ActiveCfg = Release|x64
		{95013D57-A559-439A-A74C-4F2EF8365F36}.Release|x64.Build.0 = Release|x64
		{95013D57-A559-439A-A74C-4F2EF8365F36}.Release|x86.ActiveCfg = Release|Win32
		{95013D57-A559-439A-A74C-4F2EF8365F36}.Release|x86.Build.0 = Release|Win32
	EndGlobalSection
	GlobalSection(SolutionProperties) = preSolution
		HideSolutionNode = FALSE
	EndGlobalSection
	GlobalSection(ExtensibilityGlobals) = postSolution
		SolutionGuid = {2B00C7C6-FB0C-46FE-8B1B-047EA1F5A746}
	EndGlobalSection
EndGlobal
